<Solution>
  <Folder Name="/docs/">
    <File Path="DECISIONS.md" />
    <File Path="README.md" />
    <Project Path="specs/BrightPath.Specs.csproj" />
  </Folder>
  <Folder Name="/src/">
    <Project Path="src/BrightPath.Api/BrightPath.Api.csproj" />
  </Folder>
  <Folder Name="/tests/">
    <Project Path="tests/BrightPath.Api.Tests/BrightPath.Api.Tests.csproj" />
  </Folder>
</Solution>
