<Solution>
  <Folder Name="/docs/">
    <File Path="DECISIONS.md" />
    <File Path="README.md" />
    <File Path="TRANSACTIONS.md" />
    <Project Path="specs/BrightPath.Specs.csproj" />
  </Folder>
  <Folder Name="/src/">
    <Project Path="src/BrightPath.Api/BrightPath.Api.csproj" />
    <Project Path="src/BrightPath.Application/BrightPath.Application.csproj" />
    <Project Path="src/BrightPath.Common/BrightPath.Common.csproj" />
    <Project Path="src/BrightPath.Domain/BrightPath.Domain.csproj" />
    <Project Path="src/BrightPath.Infrastructure/BrightPath.Infrastructure.csproj" />
  </Folder>
  <Folder Name="/tests/">
    <Project Path="tests/BrightPath.Api.IntegrationTests/BrightPath.Api.IntegrationTests.csproj" />
    <Project Path="tests/BrightPath.Api.UnitTests/BrightPath.Api.UnitTests.csproj" />
  </Folder>
  <Folder Name="/web/">
    <Project Path="web/BrightPath.Web.esproj">
      <Build />
    </Project>
  </Folder>
</Solution>
